<?xml version="1.0" encoding="utf-8"?>
<Project ToolsVersion="4.0" xmlns="http://schemas.microsoft.com/developer/msbuild/2003">
  <ItemGroup>
    <Filter Include="Shader Files">
      <UniqueIdentifier>{4b49acff-6d99-4fe2-80de-4639f10cd470}</UniqueIdentifier>
    </Filter>
    <Filter Include="Shader Files\Billbaord">
      <UniqueIdentifier>{53da0585-24f9-4312-85a2-ec357e5da06b}</UniqueIdentifier>
    </Filter>
    <Filter Include="Shader Files\BlinnPhong">
      <UniqueIdentifier>{5d7e1e2a-7db0-41b8-a48f-a7c3f446eb0e}</UniqueIdentifier>
    </Filter>
    <Filter Include="Shader Files\Tessellation">
      <UniqueIdentifier>{eb3ad41f-b3ee-45a0-a9fc-47cb9586b34b}</UniqueIdentifier>
    </Filter>
    <Filter Include="App">
      <UniqueIdentifier>{dd4f8eae-b670-4044-9410-6f9bbdc5f71e}</UniqueIdentifier>
    </Filter>
    <Filter Include="Graphics">
      <UniqueIdentifier>{21d5c43a-de28-42c3-a804-8b9faff91d44}</UniqueIdentifier>
    </Filter>
    <Filter Include="Scene">
      <UniqueIdentifier>{ddb9f07e-1fb1-4269-8476-0cd36a0558b9}</UniqueIdentifier>
    </Filter>
    <Filter Include="Common">
      <UniqueIdentifier>{c6b16777-c943-4cf2-a372-afaf77368ec3}</UniqueIdentifier>
    </Filter>
  </ItemGroup>
  <ItemGroup>
    <ClCompile Include="D3D11BlinnPhongRenderer.cpp" />
    <ClCompile Include="App.cpp">
      <Filter>App</Filter>
    </ClCompile>
    <ClCompile Include="BlinnPhong.cpp">
      <Filter>App</Filter>
    </ClCompile>
    <ClCompile Include="Billboard.cpp">
      <Filter>App</Filter>
    </ClCompile>
    <ClCompile Include="Tessellation.cpp">
      <Filter>App</Filter>
    </ClCompile>
    <ClCompile Include="Material.cpp">
      <Filter>Graphics</Filter>
    </ClCompile>
    <ClCompile Include="Mesh.cpp">
      <Filter>Graphics</Filter>
    </ClCompile>
    <ClCompile Include="MeshGenerator.cpp">
      <Filter>Graphics</Filter>
    </ClCompile>
    <ClCompile Include="Shader.cpp">
      <Filter>Graphics</Filter>
    </ClCompile>
    <ClCompile Include="Object.cpp">
      <Filter>Scene</Filter>
    </ClCompile>
    <ClCompile Include="Camera.cpp">
      <Filter>Scene</Filter>
    </ClCompile>
    <ClCompile Include="pch.cpp">
      <Filter>Common</Filter>
    </ClCompile>
  </ItemGroup>
  <ItemGroup>
    <ClInclude Include="App.h">
      <Filter>App</Filter>
    </ClInclude>
    <ClInclude Include="Billboard.h">
      <Filter>App</Filter>
    </ClInclude>
    <ClInclude Include="BlinnPhong.h">
      <Filter>App</Filter>
    </ClInclude>
    <ClInclude Include="Tessellation.h">
      <Filter>App</Filter>
    </ClInclude>
    <ClInclude Include="Material.h">
      <Filter>Graphics</Filter>
    </ClInclude>
    <ClInclude Include="Mesh.h">
      <Filter>Graphics</Filter>
    </ClInclude>
    <ClInclude Include="MeshGenerator.h">
      <Filter>Graphics</Filter>
    </ClInclude>
    <ClInclude Include="Shader.h">
      <Filter>Graphics</Filter>
    </ClInclude>
    <ClInclude Include="Object.h">
      <Filter>Scene</Filter>
    </ClInclude>
    <ClInclude Include="Light.h">
      <Filter>Scene</Filter>
    </ClInclude>
    <ClInclude Include="Camera.h">
      <Filter>Scene</Filter>
    </ClInclude>
    <ClInclude Include="Constants.h">
      <Filter>Common</Filter>
    </ClInclude>
    <ClInclude Include="pch.h">
      <Filter>Common</Filter>
    </ClInclude>
    <ClInclude Include="Vertex.h">
      <Filter>Common</Filter>
    </ClInclude>
  </ItemGroup>
  <ItemGroup>
    <FxCompile Include="BillboardGS.hlsl">
      <Filter>Shader Files\Billbaord</Filter>
    </FxCompile>
    <FxCompile Include="BillboardPS.hlsl">
      <Filter>Shader Files\Billbaord</Filter>
    </FxCompile>
    <FxCompile Include="BillboardVS.hlsl">
      <Filter>Shader Files\Billbaord</Filter>
    </FxCompile>
    <FxCompile Include="BlinnPhongPS.hlsl">
      <Filter>Shader Files\BlinnPhong</Filter>
    </FxCompile>
    <FxCompile Include="BlinnPhongVS.hlsl">
      <Filter>Shader Files\BlinnPhong</Filter>
    </FxCompile>
    <FxCompile Include="TessellationVS.hlsl">
      <Filter>Shader Files\Tessellation</Filter>
    </FxCompile>
    <FxCompile Include="TessellationPS.hlsl">
      <Filter>Shader Files\Tessellation</Filter>
    </FxCompile>
  </ItemGroup>
  <ItemGroup>
    <None Include="Common.hlsli">
      <Filter>Shader Files</Filter>
    </None>
  </ItemGroup>
</Project>